
Microsoft Visual Studio Solution File, Format Version 12.00
# Visual Studio Version 17
VisualStudioVersion = 17.9.34701.34
MinimumVisualStudioVersion = 10.0.40219.1
Project("{FAE04EC0-301F-11D3-BF4B-00C04F79EFBC}") = "Tasks.Backend", "Tasks.Backend\Tasks.Backend.csproj", "{A52D6E1B-C4EE-4053-ADF9-A4A06E8B91A6}"
EndProject
Global
	GlobalSection(SolutionConfigurationPlatforms) = preSolution
		Debug|Any CPU = Debug|Any CPU
		Release|Any CPU = Release|Any CPU
	EndGlobalSection
	GlobalSection(ProjectConfigurationPlatforms) = postSolution
		{A52D6E1B-C4EE-4053-ADF9-A4A06E8B91A6}.Debug|Any CPU.ActiveCfg = Debug|Any CPU
		{A52D6E1B-C4EE-4053-ADF9-A4A06E8B91A6}.Debug|Any CPU.Build.0 = Debug|Any CPU
		{A52D6E1B-C4EE-4053-ADF9-A4A06E8B91A6}.Release|Any CPU.ActiveCfg = Release|Any CPU
		{A52D6E1B-C4EE-4053-ADF9-A4A06E8B91A6}.Release|Any CPU.Build.0 = Release|Any CPU
	EndGlobalSection
	GlobalSection(SolutionProperties) = preSolution
		HideSolutionNode = FALSE
	EndGlobalSection
	GlobalSection(ExtensibilityGlobals) = postSolution
		SolutionGuid = {E1BC9CB0-583D-49B8-91AA-9B88F9DFF170}
	EndGlobalSection
EndGlobal
